# THIS IS AN AUTOGENERATED FILE. DO NOT EDIT THIS FILE DIRECTLY.
# yarn lockfile v1


"@mapbox/corslite@0.0.7":
  version "0.0.7"
  resolved "https://registry.yarnpkg.com/@mapbox/corslite/-/corslite-0.0.7.tgz#29f5b6a188ba946e514bdf0b6401ed4fbe13a39e"
  integrity sha512-w/uS474VFjmqQ7fFWIMZINQM1BAQxDLuoJaZZIPES1BmeYpCtlh9MtbFxKGGDAsfvut8/HircIsVvEYRjQ+iMg==

"@mapbox/polyline@^0.2.0":
  version "0.2.0"
  resolved "https://registry.yarnpkg.com/@mapbox/polyline/-/polyline-0.2.0.tgz#6e25980744aa22331f94b645a542c02d3fcfee97"
  integrity sha512-GCddO0iw6AzOQqZgBmjEQI9Pgo40/yRgkTkikGctE01kNBN0ThWYuAnTD+hRWrAWMV6QJ0rNm4m8DAsaAXE7Pg==

classnames@^2.3.1:
  version "2.3.2"
  resolved "https://registry.yarnpkg.com/classnames/-/classnames-2.3.2.tgz#351d813bf0137fcc6a76a16b88208d2560a0d924"
  integrity sha512-CSbhY4cFEJRe6/GQzIk5qXZ4Jeg5pcsP7b5peFSDpffpe1cqjASH/n9UTjBwOp6XpMSTwQ8Za2K5V02ueA7Tmw==

"js-tokens@^3.0.0 || ^4.0.0":
  version "4.0.0"
  resolved "https://registry.yarnpkg.com/js-tokens/-/js-tokens-4.0.0.tgz#19203fb59991df98e3a287050d4647cdeaf32499"
  integrity sha512-RdJUflcE3cUzKiMqQgsCu06FPu9UdIJO0beYbPhHN4k6apgJtifcoCtT9bcxOpYBtpD2kCM6Sbzg4CausW/PKQ==

leaflet-routing-machine@^3.2.12:
  version "3.2.12"
  resolved "https://registry.yarnpkg.com/leaflet-routing-machine/-/leaflet-routing-machine-3.2.12.tgz#9e4aef008321b0227cf894d829c3b4c1f13e4e13"
  integrity sha512-HLde58G1YtD9xSIzZavJ6BPABZaV1hHeGst8ouhzuxmSC3s32NVtADT+njbIUMW1maHRCrsgTk/E4hz5QH7FrA==
  dependencies:
    "@mapbox/corslite" "0.0.7"
    "@mapbox/polyline" "^0.2.0"
    osrm-text-instructions "^0.13.2"

loose-envify@^1.4.0:
  version "1.4.0"
  resolved "https://registry.yarnpkg.com/loose-envify/-/loose-envify-1.4.0.tgz#71ee51fa7be4caec1a63839f7e682d8132d30caf"
  integrity sha512-lyuxPGr/Wfhrlem2CL/UcnUc1zcqKAImBDzukY7Y5F/yQiNdko6+fRLevlw1HgMySw7f611UIY408EtxRSoK3Q==
  dependencies:
    js-tokens "^3.0.0 || ^4.0.0"

object-assign@^4.1.1:
  version "4.1.1"
  resolved "https://registry.yarnpkg.com/object-assign/-/object-assign-4.1.1.tgz#2109adc7965887cfc05cbbd442cac8bfbb360863"
  integrity sha512-rJgTQnkUnH1sFw8yT6VSU3zD3sWmu6sZhIseY8VX+GRu3P6F7Fu+JNDoXfklElbLJSnc3FUQHVe4cU5hj+BcUg==

osrm-text-instructions@^0.13.2:
  version "0.13.4"
  resolved "https://registry.yarnpkg.com/osrm-text-instructions/-/osrm-text-instructions-0.13.4.tgz#78bedabd84cbcabce9c9fd0fbb6b0fd9f06c7f9f"
  integrity sha512-ge4ZTIetMQKAHKq2MwWf83ntzdJN20ndRKRaVNoZ3SkDkBNO99Qddz7r6+hrVx38I+ih6Rk5T1yslczAB6Q9Pg==

prop-types@^15.7.2:
  version "15.8.1"
  resolved "https://registry.yarnpkg.com/prop-types/-/prop-types-15.8.1.tgz#67d87bf1a694f48435cf332c24af10214a3140b5"
  integrity sha512-oj87CgZICdulUohogVAR7AjlC0327U4el4L6eAvOqCeudMDVU0NThNaV+b9Df4dXgSP1gXMTnPdhfe/2qDH5cg==
  dependencies:
    loose-envify "^1.4.0"
    object-assign "^4.1.1"
    react-is "^16.13.1"

react-bootstrap-range-slider@^3.0.8:
  version "3.0.8"
  resolved "https://registry.yarnpkg.com/react-bootstrap-range-slider/-/react-bootstrap-range-slider-3.0.8.tgz#5efc36314dc02195914b3dbdaed00da41af83682"
  integrity sha512-FpDd1J1BW23jNN3fXmpy5nNDJ3PwMZ2/0dNse9RORwQ/z2rmpMQp/g6iNRpW6SjQkLKyGeNHyctK6dP+3zUXQA==
  dependencies:
    classnames "^2.3.1"
    prop-types "^15.7.2"

react-is@^16.13.1:
  version "16.13.1"
  resolved "https://registry.yarnpkg.com/react-is/-/react-is-16.13.1.tgz#789729a4dc36de2999dc156dd6c1d9c18cea56a4"
  integrity sha512-24e6ynE2H+OKt4kqsOvNd8kBpV65zoxbA4BVsEOB3ARVWQki/DHzaUoC5KuON/BiccDaCCTZBuOcfZs70kR8bQ==
